
Microsoft Visual Studio Solution File, Format Version 12.00
# Visual Studio Version 16
VisualStudioVersion = 16.0.31205.134
MinimumVisualStudioVersion = 10.0.40219.1
Project("{9A19103F-16F7-4668-BE54-9A1E7A4F7556}") = "BaseTools.Filters", "csharp-src\BaseTools.Filters\BaseTools.Filters.csproj", "{AAC6A37B-169D-443D-87C5-9D4877FFD572}"
EndProject
Project("{9A19103F-16F7-4668-BE54-9A1E7A4F7556}") = "BaseTools.Filters.Tests", "csharp-src\BaseTools.Filters.Tests\BaseTools.Filters.Tests.csproj", "{FCF60D21-F1FB-4CDE-8E2C-3A4E7FDE2908}"
EndProject
Global
	GlobalSection(SolutionConfigurationPlatforms) = preSolution
		Debug|Any CPU = Debug|Any CPU
		Release|Any CPU = Release|Any CPU
	EndGlobalSection
	GlobalSection(ProjectConfigurationPlatforms) = postSolution
		{AAC6A37B-169D-443D-87C5-9D4877FFD572}.Debug|Any CPU.ActiveCfg = Debug|Any CPU
		{AAC6A37B-169D-443D-87C5-9D4877FFD572}.Debug|Any CPU.Build.0 = Debug|Any CPU
		{AAC6A37B-169D-443D-87C5-9D4877FFD572}.Release|Any CPU.ActiveCfg = Release|Any CPU
		{AAC6A37B-169D-443D-87C5-9D4877FFD572}.Release|Any CPU.Build.0 = Release|Any CPU
		{FCF60D21-F1FB-4CDE-8E2C-3A4E7FDE2908}.Debug|Any CPU.ActiveCfg = Debug|Any CPU
		{FCF60D21-F1FB-4CDE-8E2C-3A4E7FDE2908}.Debug|Any CPU.Build.0 = Debug|Any CPU
		{FCF60D21-F1FB-4CDE-8E2C-3A4E7FDE2908}.Release|Any CPU.ActiveCfg = Release|Any CPU
		{FCF60D21-F1FB-4CDE-8E2C-3A4E7FDE2908}.Release|Any CPU.Build.0 = Release|Any CPU
	EndGlobalSection
	GlobalSection(SolutionProperties) = preSolution
		HideSolutionNode = FALSE
	EndGlobalSection
	GlobalSection(ExtensibilityGlobals) = postSolution
		SolutionGuid = {E4A7FBC5-FA98-4138-94D4-BC54DD043404}
	EndGlobalSection
EndGlobal
