
Microsoft Visual Studio Solution File, Format Version 12.00
# Visual Studio Version 16
VisualStudioVersion = 16.0.31205.134
MinimumVisualStudioVersion = 10.0.40219.1
Project("{9A19103F-16F7-4668-BE54-9A1E7A4F7556}") = "BaseTools.Filters", "BaseTools.Filters.csproj", "{4837D296-0471-4F0C-BBA7-34E66BF573B1}"
EndProject
Project("{FAE04EC0-301F-11D3-BF4B-00C04F79EFBC}") = "BaseTools.Filters.Tests", "..\BaseTools.Filters.Tests\BaseTools.Filters.Tests.csproj", "{4695167B-F419-4389-9481-54A4DE631045}"
EndProject
Global
	GlobalSection(SolutionConfigurationPlatforms) = preSolution
		Debug|Any CPU = Debug|Any CPU
		Release|Any CPU = Release|Any CPU
	EndGlobalSection
	GlobalSection(ProjectConfigurationPlatforms) = postSolution
		{4837D296-0471-4F0C-BBA7-34E66BF573B1}.Debug|Any CPU.ActiveCfg = Debug|Any CPU
		{4837D296-0471-4F0C-BBA7-34E66BF573B1}.Debug|Any CPU.Build.0 = Debug|Any CPU
		{4837D296-0471-4F0C-BBA7-34E66BF573B1}.Release|Any CPU.ActiveCfg = Release|Any CPU
		{4837D296-0471-4F0C-BBA7-34E66BF573B1}.Release|Any CPU.Build.0 = Release|Any CPU
		{4695167B-F419-4389-9481-54A4DE631045}.Debug|Any CPU.ActiveCfg = Debug|Any CPU
		{4695167B-F419-4389-9481-54A4DE631045}.Debug|Any CPU.Build.0 = Debug|Any CPU
		{4695167B-F419-4389-9481-54A4DE631045}.Release|Any CPU.ActiveCfg = Release|Any CPU
		{4695167B-F419-4389-9481-54A4DE631045}.Release|Any CPU.Build.0 = Release|Any CPU
	EndGlobalSection
	GlobalSection(SolutionProperties) = preSolution
		HideSolutionNode = FALSE
	EndGlobalSection
	GlobalSection(ExtensibilityGlobals) = postSolution
		SolutionGuid = {E4A7FBC5-FA98-4138-94D4-BC54DD043404}
	EndGlobalSection
EndGlobal
